{
    "_readme": [
        "This file locks the dependencies of your project to a known state",
        "Read more about it at https://getcomposer.org/doc/01-basic-usage.md#installing-dependencies",
        "This file is @generated automatically"
    ],
    "content-hash": "57068082528b2efe42ec43a7e59f548d",
    "packages": [
        {
            "name": "hizzle/logger",
            "version": "0.0.3",
            "source": {
                "type": "git",
                "url": "https://github.com/hizzle-co/hizzle-logger.git",
                "reference": "d5692e3bfa8acd69201ef9959bf07f1b55b783c7"
            },
            "dist": {
                "type": "zip",
                "url": "https://api.github.com/repos/hizzle-co/hizzle-logger/zipball/d5692e3bfa8acd69201ef9959bf07f1b55b783c7",
                "reference": "d5692e3bfa8acd69201ef9959bf07f1b55b783c7",
                "shasum": ""
            },
            "require": {
                "php": ">=5.3.0"
            },
            "type": "library",
            "autoload": {
                "psr-4": {
                    "Hizzle\\Logger\\": "src/"
                }
            },
            "notification-url": "https://packagist.org/downloads/",
            "license": [
                "GPL-3.0+"
            ],
            "authors": [
                {
                    "name": "Brian Mutende",
                    "email": "picocodes@gmail.com",
                    "homepage": "http://github.com/picocodes/",
                    "role": "Developer"
                }
            ],
            "description": "A standardized way of logging errors for your projects",
            "homepage": "http://github.com/hizzle-co/logger/",
            "keywords": [
                "hizzle",
                "log",
                "wordpress"
            ],
            "support": {
                "issues": "https://github.com/hizzle-co/hizzle-logger/issues",
                "source": "https://github.com/hizzle-co/hizzle-logger/tree/0.0.3"
            },
            "time": "2022-10-09T07:05:29+00:00"
        }
    ],
    "packages-dev": [],
    "aliases": [],
    "minimum-stability": "stable",
    "stability-flags": [],
    "prefer-stable": false,
    "prefer-lowest": false,
    "platform": {
        "php": ">=5.3.0"
    },
    "platform-dev": [],
    "plugin-api-version": "2.2.0"
}
